<Solution Description="Visual Studio slnx file generated by Premake" Version="1.4">
  <Configurations>
    <BuildType Name="Debug" />
    <BuildType Name="Dist" />
    <BuildType Name="Release" />
    <Platform Name="x64" />
  </Configurations>
  <Project Path="Lemon\Lemon.vcxproj" Id="2087970D-8C9B-BFBE-551D-631EC1F0BBEF">
  </Project>
  <Project Path="Sandbox\Sandbox.vcxproj" Id="F4C124E3-60A1-A37E-69B9-2E55D5170AE0" DefaultStartup="true">
  </Project>
</Solution>